
Microsoft Visual Studio Solution File, Format Version 12.00
# Visual Studio Version 17
VisualStudioVersion = 17.3.32901.215
MinimumVisualStudioVersion = 10.0.40219.1
Project("{FAE04EC0-301F-11D3-BF4B-00C04F79EFBC}") = "Carwale", "Carwale.csproj", "{E75BD07E-F17B-450F-9555-63EC494AA731}"
EndProject
Global
	GlobalSection(SolutionConfigurationPlatforms) = preSolution
		Debug|Any CPU = Debug|Any CPU
		Release|Any CPU = Release|Any CPU
	EndGlobalSection
	GlobalSection(ProjectConfigurationPlatforms) = postSolution
		{E75BD07E-F17B-450F-9555-63EC494AA731}.Debug|Any CPU.ActiveCfg = Debug|Any CPU
		{E75BD07E-F17B-450F-9555-63EC494AA731}.Debug|Any CPU.Build.0 = Debug|Any CPU
		{E75BD07E-F17B-450F-9555-63EC494AA731}.Release|Any CPU.ActiveCfg = Release|Any CPU
		{E75BD07E-F17B-450F-9555-63EC494AA731}.Release|Any CPU.Build.0 = Release|Any CPU
	EndGlobalSection
	GlobalSection(SolutionProperties) = preSolution
		HideSolutionNode = FALSE
	EndGlobalSection
	GlobalSection(ExtensibilityGlobals) = postSolution
		SolutionGuid = {0C8BACC3-1A77-4C3E-B34F-B3C7A1248034}
	EndGlobalSection
EndGlobal
